# This file was autogenerated by Stack.
# You should not edit this file by hand.
# For more information, please see the documentation at:
#   https://docs.haskellstack.org/en/stable/lock_files

packages:
- completed:
    hackage: serverless-haskell-0.12.5@sha256:38ad00a675487b25feb1a2252eeb85e81721e63afec58a1f701b47bbbe5e8bc6,2630
    pantry-tree:
      size: 1846
      sha256: b9d6b0dac5c08be232cba0bc7616dc751ce667858f5eb02ff4ed133b66eaf5b2
  original:
    hackage: serverless-haskell-0.12.5
snapshots:
- completed:
    size: 531696
    url: https://raw.githubusercontent.com/commercialhaskell/stackage-snapshots/master/lts/16/3.yaml
    sha256: 65e3a94c65ad07fa1913649e3f1e36c4af51bf528a5d9fd217bdc1b46d0477cc
  original: lts-16.3
